
Microsoft Visual Studio Solution File, Format Version 12.00
# Visual Studio Version 17
VisualStudioVersion = 17.3.32519.111
MinimumVisualStudioVersion = 10.0.40219.1
Project("{2150E333-8FDC-42A3-9474-1A3956D46DE8}") = "Solution Items", "Solution Items", "{A0E31D93-3D94-422B-9ED5-375376818225}"
	ProjectSection(SolutionItems) = preProject
		Directory.Build.props = Directory.Build.props
		Directory.Build.targets = Directory.Build.targets
	EndProjectSection
EndProject
Project("{2150E333-8FDC-42A3-9474-1A3956D46DE8}") = "Tyne", "Tyne", "{CD522917-3B58-4BC7-9979-5E83137DCE7A}"
EndProject
Project("{2150E333-8FDC-42A3-9474-1A3956D46DE8}") = "Tyne.EntityFramework", "Tyne.EntityFramework", "{246400B8-83E2-4FFA-909B-B39C345EB66C}"
EndProject
Project("{2150E333-8FDC-42A3-9474-1A3956D46DE8}") = "Tyne.UI", "Tyne.UI", "{088B2038-ACC6-4A39-A0A3-487897F68971}"
EndProject
Project("{9A19103F-16F7-4668-BE54-9A1E7A4F7556}") = "Tyne", "src\Tyne\src\Tyne.csproj", "{E1738C2A-A7C4-4D6E-A193-D132284D8A26}"
EndProject
Project("{9A19103F-16F7-4668-BE54-9A1E7A4F7556}") = "Tyne.Tests", "src\Tyne\test\Tyne.Tests.csproj", "{11815B30-4B1B-47CF-8902-C3EC1B7514D6}"
EndProject
Project("{9A19103F-16F7-4668-BE54-9A1E7A4F7556}") = "Tyne.EntityFramework", "src\Tyne.EntityFramework\src\Tyne.EntityFramework.csproj", "{634137C6-F00C-4CA3-B3CE-16A378404F68}"
EndProject
Project("{9A19103F-16F7-4668-BE54-9A1E7A4F7556}") = "Tyne.EntityFramework.Tests", "src\Tyne.EntityFramework\test\Tyne.EntityFramework.Tests.csproj", "{588A23DE-4DDF-47C7-9766-81EC38903B83}"
EndProject
Project("{9A19103F-16F7-4668-BE54-9A1E7A4F7556}") = "Tyne.UI", "src\Tyne.UI\src\Tyne.UI.csproj", "{61AAE4A5-40CF-4F36-8AA8-5D47B2B33016}"
EndProject
Project("{9A19103F-16F7-4668-BE54-9A1E7A4F7556}") = "Tyne.UI.Tests", "src\Tyne.UI\test\Tyne.UI.Tests.csproj", "{D0854DE0-EFD8-4569-9038-9C535499114A}"
EndProject
Project("{2150E333-8FDC-42A3-9474-1A3956D46DE8}") = "Tyne.Docs", "Tyne.Docs", "{0F3A0340-6FA3-4D4D-96AC-DD461836D60C}"
EndProject
Project("{9A19103F-16F7-4668-BE54-9A1E7A4F7556}") = "Tyne.Docs", "src\Tyne.Docs\src\Tyne.Docs.csproj", "{8682DBF9-6E29-406A-B03F-690D24BD1C68}"
EndProject
Project("{9A19103F-16F7-4668-BE54-9A1E7A4F7556}") = "Tyne.Docs.SourceGen", "src\Tyne.Docs\sourcegen\Tyne.Docs.SourceGen.csproj", "{4A67CF3A-B400-431E-AEC6-7F55ECB58A1B}"
EndProject
Global
	GlobalSection(SolutionConfigurationPlatforms) = preSolution
		Debug|Any CPU = Debug|Any CPU
		Release|Any CPU = Release|Any CPU
	EndGlobalSection
	GlobalSection(ProjectConfigurationPlatforms) = postSolution
		{E1738C2A-A7C4-4D6E-A193-D132284D8A26}.Debug|Any CPU.ActiveCfg = Debug|Any CPU
		{E1738C2A-A7C4-4D6E-A193-D132284D8A26}.Debug|Any CPU.Build.0 = Debug|Any CPU
		{E1738C2A-A7C4-4D6E-A193-D132284D8A26}.Release|Any CPU.ActiveCfg = Release|Any CPU
		{E1738C2A-A7C4-4D6E-A193-D132284D8A26}.Release|Any CPU.Build.0 = Release|Any CPU
		{11815B30-4B1B-47CF-8902-C3EC1B7514D6}.Debug|Any CPU.ActiveCfg = Debug|Any CPU
		{11815B30-4B1B-47CF-8902-C3EC1B7514D6}.Debug|Any CPU.Build.0 = Debug|Any CPU
		{11815B30-4B1B-47CF-8902-C3EC1B7514D6}.Release|Any CPU.ActiveCfg = Release|Any CPU
		{11815B30-4B1B-47CF-8902-C3EC1B7514D6}.Release|Any CPU.Build.0 = Release|Any CPU
		{634137C6-F00C-4CA3-B3CE-16A378404F68}.Debug|Any CPU.ActiveCfg = Debug|Any CPU
		{634137C6-F00C-4CA3-B3CE-16A378404F68}.Debug|Any CPU.Build.0 = Debug|Any CPU
		{634137C6-F00C-4CA3-B3CE-16A378404F68}.Release|Any CPU.ActiveCfg = Release|Any CPU
		{634137C6-F00C-4CA3-B3CE-16A378404F68}.Release|Any CPU.Build.0 = Release|Any CPU
		{588A23DE-4DDF-47C7-9766-81EC38903B83}.Debug|Any CPU.ActiveCfg = Debug|Any CPU
		{588A23DE-4DDF-47C7-9766-81EC38903B83}.Debug|Any CPU.Build.0 = Debug|Any CPU
		{588A23DE-4DDF-47C7-9766-81EC38903B83}.Release|Any CPU.ActiveCfg = Release|Any CPU
		{588A23DE-4DDF-47C7-9766-81EC38903B83}.Release|Any CPU.Build.0 = Release|Any CPU
		{61AAE4A5-40CF-4F36-8AA8-5D47B2B33016}.Debug|Any CPU.ActiveCfg = Debug|Any CPU
		{61AAE4A5-40CF-4F36-8AA8-5D47B2B33016}.Debug|Any CPU.Build.0 = Debug|Any CPU
		{61AAE4A5-40CF-4F36-8AA8-5D47B2B33016}.Release|Any CPU.ActiveCfg = Release|Any CPU
		{61AAE4A5-40CF-4F36-8AA8-5D47B2B33016}.Release|Any CPU.Build.0 = Release|Any CPU
		{D0854DE0-EFD8-4569-9038-9C535499114A}.Debug|Any CPU.ActiveCfg = Debug|Any CPU
		{D0854DE0-EFD8-4569-9038-9C535499114A}.Debug|Any CPU.Build.0 = Debug|Any CPU
		{D0854DE0-EFD8-4569-9038-9C535499114A}.Release|Any CPU.ActiveCfg = Release|Any CPU
		{D0854DE0-EFD8-4569-9038-9C535499114A}.Release|Any CPU.Build.0 = Release|Any CPU
		{8682DBF9-6E29-406A-B03F-690D24BD1C68}.Debug|Any CPU.ActiveCfg = Debug|Any CPU
		{8682DBF9-6E29-406A-B03F-690D24BD1C68}.Debug|Any CPU.Build.0 = Debug|Any CPU
		{8682DBF9-6E29-406A-B03F-690D24BD1C68}.Release|Any CPU.ActiveCfg = Release|Any CPU
		{8682DBF9-6E29-406A-B03F-690D24BD1C68}.Release|Any CPU.Build.0 = Release|Any CPU
		{4A67CF3A-B400-431E-AEC6-7F55ECB58A1B}.Debug|Any CPU.ActiveCfg = Debug|Any CPU
		{4A67CF3A-B400-431E-AEC6-7F55ECB58A1B}.Debug|Any CPU.Build.0 = Debug|Any CPU
		{4A67CF3A-B400-431E-AEC6-7F55ECB58A1B}.Release|Any CPU.ActiveCfg = Release|Any CPU
		{4A67CF3A-B400-431E-AEC6-7F55ECB58A1B}.Release|Any CPU.Build.0 = Release|Any CPU
	EndGlobalSection
	GlobalSection(SolutionProperties) = preSolution
		HideSolutionNode = FALSE
	EndGlobalSection
	GlobalSection(NestedProjects) = preSolution
		{E1738C2A-A7C4-4D6E-A193-D132284D8A26} = {CD522917-3B58-4BC7-9979-5E83137DCE7A}
		{11815B30-4B1B-47CF-8902-C3EC1B7514D6} = {CD522917-3B58-4BC7-9979-5E83137DCE7A}
		{634137C6-F00C-4CA3-B3CE-16A378404F68} = {246400B8-83E2-4FFA-909B-B39C345EB66C}
		{588A23DE-4DDF-47C7-9766-81EC38903B83} = {246400B8-83E2-4FFA-909B-B39C345EB66C}
		{61AAE4A5-40CF-4F36-8AA8-5D47B2B33016} = {088B2038-ACC6-4A39-A0A3-487897F68971}
		{D0854DE0-EFD8-4569-9038-9C535499114A} = {088B2038-ACC6-4A39-A0A3-487897F68971}
		{8682DBF9-6E29-406A-B03F-690D24BD1C68} = {0F3A0340-6FA3-4D4D-96AC-DD461836D60C}
		{4A67CF3A-B400-431E-AEC6-7F55ECB58A1B} = {0F3A0340-6FA3-4D4D-96AC-DD461836D60C}
	EndGlobalSection
	GlobalSection(ExtensibilityGlobals) = postSolution
		SolutionGuid = {D5F8103D-E1F9-4EA4-B5C2-CDCF0A929722}
	EndGlobalSection
EndGlobal
