
Microsoft Visual Studio Solution File, Format Version 12.00
# Visual Studio Version 17
VisualStudioVersion = 17.3.32519.111
MinimumVisualStudioVersion = 10.0.40219.1
Project("{2150E333-8FDC-42A3-9474-1A3956D46DE8}") = ".Solution Items", ".Solution Items", "{A0E31D93-3D94-422B-9ED5-375376818225}"
	ProjectSection(SolutionItems) = preProject
		Directory.Build.props = Directory.Build.props
		Directory.Build.targets = Directory.Build.targets
	EndProjectSection
EndProject
Project("{9A19103F-16F7-4668-BE54-9A1E7A4F7556}") = "Core", "src\Core\Core.csproj", "{06CAF317-D6F5-41E7-9C50-9F2FB858A54B}"
EndProject
Project("{9A19103F-16F7-4668-BE54-9A1E7A4F7556}") = "EntityFramework", "src\EntityFramework\EntityFramework.csproj", "{4F939CE4-2A31-445D-ACEC-D2288F810C91}"
EndProject
Project("{9A19103F-16F7-4668-BE54-9A1E7A4F7556}") = "Blazor", "src\Blazor\Blazor.csproj", "{DEDA8636-45EB-40D9-BD11-7A4398151349}"
EndProject
Project("{9A19103F-16F7-4668-BE54-9A1E7A4F7556}") = "EntityFramework.ChangeAuditing", "src\EntityFramework.ChangeAuditing\EntityFramework.ChangeAuditing.csproj", "{A4834735-15D1-4334-9CE0-14576BC6E29A}"
EndProject
Project("{9A19103F-16F7-4668-BE54-9A1E7A4F7556}") = "EntityFramework.ModificationTracking", "src\EntityFramework.ModificationTracking\EntityFramework.ModificationTracking.csproj", "{C3541685-274F-4CF6-9E43-7C71A615C80A}"
EndProject
Project("{9A19103F-16F7-4668-BE54-9A1E7A4F7556}") = "MediatorEndpoints.Core", "src\MediatorEndpoints.Core\MediatorEndpoints.Core.csproj", "{7E204B1D-7E9B-4DA6-8E7D-63E58E24A72A}"
EndProject
Project("{9A19103F-16F7-4668-BE54-9A1E7A4F7556}") = "Testing", "src\Testing\Testing.csproj", "{98A695E5-5320-419A-8554-14A5B39841AC}"
EndProject
Project("{9A19103F-16F7-4668-BE54-9A1E7A4F7556}") = "AspNetCore", "src\AspNetCore\AspNetCore.csproj", "{EAED2217-29EF-4DBE-95F8-DDCEBA7F938D}"
EndProject
Project("{9A19103F-16F7-4668-BE54-9A1E7A4F7556}") = "MediatorEndpoints.Client", "src\MediatorEndpoints.Client\MediatorEndpoints.Client.csproj", "{9314C1DC-84B9-499C-AD5D-F8BEAD7E0EC3}"
EndProject
Project("{9A19103F-16F7-4668-BE54-9A1E7A4F7556}") = "MediatorEndpoints.Server", "src\MediatorEndpoints.Server\MediatorEndpoints.Server.csproj", "{025D2893-92A1-40BF-BE53-648601C0014B}"
EndProject
Project("{2150E333-8FDC-42A3-9474-1A3956D46DE8}") = "Entity Framework", "Entity Framework", "{88B4F302-3C1E-419D-B934-4AAE21B548E5}"
EndProject
Project("{9A19103F-16F7-4668-BE54-9A1E7A4F7556}") = "MediatorEndpoints.Blazor", "src\MediatorEndpoints.Blazor\MediatorEndpoints.Blazor.csproj", "{DB627E98-AAB0-478B-A9D4-AF822E2CD278}"
EndProject
Project("{9A19103F-16F7-4668-BE54-9A1E7A4F7556}") = "EntityFramework.UserService", "src\EntityFramework.UserService\EntityFramework.UserService.csproj", "{3E1A4334-C90A-40DB-99B0-B99227FAD532}"
EndProject
Project("{9A19103F-16F7-4668-BE54-9A1E7A4F7556}") = "EntityFramework.UserService.Core", "src\EntityFramework.UserService.Core\EntityFramework.UserService.Core.csproj", "{5D0BAB8E-6D31-4C54-B4B8-907AC7CEAD8E}"
EndProject
Project("{2150E333-8FDC-42A3-9474-1A3956D46DE8}") = "Tests", "Tests", "{9183680E-6DB6-4E34-BF2E-7A75CC775D22}"
	ProjectSection(SolutionItems) = preProject
		test\Directory.Build.props = test\Directory.Build.props
	EndProjectSection
EndProject
Project("{9A19103F-16F7-4668-BE54-9A1E7A4F7556}") = "Blazor.Tests", "test\Blazor.Tests\Blazor.Tests.csproj", "{78422848-9F95-4E3A-9950-4004D047EAEA}"
EndProject
Project("{9A19103F-16F7-4668-BE54-9A1E7A4F7556}") = "Core.Tests", "test\Core.Tests\Core.Tests.csproj", "{C1709D25-1D85-42FE-A003-DDA3549DC6A2}"
EndProject
Project("{9A19103F-16F7-4668-BE54-9A1E7A4F7556}") = ".docs", "docs\.docs.csproj", "{E1B4A25B-B638-41FE-86BB-D819830BB69A}"
EndProject
Project("{2150E333-8FDC-42A3-9474-1A3956D46DE8}") = "Example", "Example", "{93FF2EA5-C6F6-47DB-B06B-3E4553BE5B83}"
EndProject
Project("{9A19103F-16F7-4668-BE54-9A1E7A4F7556}") = "TestUtilities", "test\TestUtilities\TestUtilities.csproj", "{AC4CC900-CC10-49FD-9B4B-D084AC15AFC0}"
EndProject
Project("{9A19103F-16F7-4668-BE54-9A1E7A4F7556}") = "Example.Host.Server", "example\Host.Server\Example.Host.Server.csproj", "{8DC2DC90-E4B4-4450-A013-4460051CFEA8}"
EndProject
Project("{9A19103F-16F7-4668-BE54-9A1E7A4F7556}") = "Example.Client", "example\Client\Example.Client.csproj", "{5B67829D-EAD1-415D-9830-53429B1E0FFC}"
EndProject
Project("{9A19103F-16F7-4668-BE54-9A1E7A4F7556}") = "Example.Host.Wasm", "example\Host.Wasm\Example.Host.Wasm.csproj", "{4D4E04E4-60EB-4365-A5F0-9828CEF4B7B8}"
EndProject
Project("{9A19103F-16F7-4668-BE54-9A1E7A4F7556}") = "SourceRef.SourceGenerators", "example\SourceRef.SourceGenerators\SourceRef.SourceGenerators.csproj", "{A00FE62E-39B0-4B71-A0EA-52316A97AF36}"
EndProject
Project("{9A19103F-16F7-4668-BE54-9A1E7A4F7556}") = "EventIdTests", "test\EventIdTests\EventIdTests.csproj", "{6CA1C25F-211E-469D-B083-EE696D0DD7D6}"
EndProject
Global
	GlobalSection(SolutionConfigurationPlatforms) = preSolution
		Debug|Any CPU = Debug|Any CPU
		Release|Any CPU = Release|Any CPU
	EndGlobalSection
	GlobalSection(ProjectConfigurationPlatforms) = postSolution
		{06CAF317-D6F5-41E7-9C50-9F2FB858A54B}.Debug|Any CPU.ActiveCfg = Debug|Any CPU
		{06CAF317-D6F5-41E7-9C50-9F2FB858A54B}.Debug|Any CPU.Build.0 = Debug|Any CPU
		{06CAF317-D6F5-41E7-9C50-9F2FB858A54B}.Release|Any CPU.ActiveCfg = Release|Any CPU
		{06CAF317-D6F5-41E7-9C50-9F2FB858A54B}.Release|Any CPU.Build.0 = Release|Any CPU
		{4F939CE4-2A31-445D-ACEC-D2288F810C91}.Debug|Any CPU.ActiveCfg = Debug|Any CPU
		{4F939CE4-2A31-445D-ACEC-D2288F810C91}.Debug|Any CPU.Build.0 = Debug|Any CPU
		{4F939CE4-2A31-445D-ACEC-D2288F810C91}.Release|Any CPU.ActiveCfg = Release|Any CPU
		{4F939CE4-2A31-445D-ACEC-D2288F810C91}.Release|Any CPU.Build.0 = Release|Any CPU
		{DEDA8636-45EB-40D9-BD11-7A4398151349}.Debug|Any CPU.ActiveCfg = Debug|Any CPU
		{DEDA8636-45EB-40D9-BD11-7A4398151349}.Debug|Any CPU.Build.0 = Debug|Any CPU
		{DEDA8636-45EB-40D9-BD11-7A4398151349}.Release|Any CPU.ActiveCfg = Release|Any CPU
		{DEDA8636-45EB-40D9-BD11-7A4398151349}.Release|Any CPU.Build.0 = Release|Any CPU
		{A4834735-15D1-4334-9CE0-14576BC6E29A}.Debug|Any CPU.ActiveCfg = Debug|Any CPU
		{A4834735-15D1-4334-9CE0-14576BC6E29A}.Debug|Any CPU.Build.0 = Debug|Any CPU
		{A4834735-15D1-4334-9CE0-14576BC6E29A}.Release|Any CPU.ActiveCfg = Release|Any CPU
		{A4834735-15D1-4334-9CE0-14576BC6E29A}.Release|Any CPU.Build.0 = Release|Any CPU
		{C3541685-274F-4CF6-9E43-7C71A615C80A}.Debug|Any CPU.ActiveCfg = Debug|Any CPU
		{C3541685-274F-4CF6-9E43-7C71A615C80A}.Debug|Any CPU.Build.0 = Debug|Any CPU
		{C3541685-274F-4CF6-9E43-7C71A615C80A}.Release|Any CPU.ActiveCfg = Release|Any CPU
		{C3541685-274F-4CF6-9E43-7C71A615C80A}.Release|Any CPU.Build.0 = Release|Any CPU
		{7E204B1D-7E9B-4DA6-8E7D-63E58E24A72A}.Debug|Any CPU.ActiveCfg = Debug|Any CPU
		{7E204B1D-7E9B-4DA6-8E7D-63E58E24A72A}.Debug|Any CPU.Build.0 = Debug|Any CPU
		{7E204B1D-7E9B-4DA6-8E7D-63E58E24A72A}.Release|Any CPU.ActiveCfg = Release|Any CPU
		{7E204B1D-7E9B-4DA6-8E7D-63E58E24A72A}.Release|Any CPU.Build.0 = Release|Any CPU
		{98A695E5-5320-419A-8554-14A5B39841AC}.Debug|Any CPU.ActiveCfg = Debug|Any CPU
		{98A695E5-5320-419A-8554-14A5B39841AC}.Debug|Any CPU.Build.0 = Debug|Any CPU
		{98A695E5-5320-419A-8554-14A5B39841AC}.Release|Any CPU.ActiveCfg = Release|Any CPU
		{98A695E5-5320-419A-8554-14A5B39841AC}.Release|Any CPU.Build.0 = Release|Any CPU
		{EAED2217-29EF-4DBE-95F8-DDCEBA7F938D}.Debug|Any CPU.ActiveCfg = Debug|Any CPU
		{EAED2217-29EF-4DBE-95F8-DDCEBA7F938D}.Debug|Any CPU.Build.0 = Debug|Any CPU
		{EAED2217-29EF-4DBE-95F8-DDCEBA7F938D}.Release|Any CPU.ActiveCfg = Release|Any CPU
		{EAED2217-29EF-4DBE-95F8-DDCEBA7F938D}.Release|Any CPU.Build.0 = Release|Any CPU
		{9314C1DC-84B9-499C-AD5D-F8BEAD7E0EC3}.Debug|Any CPU.ActiveCfg = Debug|Any CPU
		{9314C1DC-84B9-499C-AD5D-F8BEAD7E0EC3}.Debug|Any CPU.Build.0 = Debug|Any CPU
		{9314C1DC-84B9-499C-AD5D-F8BEAD7E0EC3}.Release|Any CPU.ActiveCfg = Release|Any CPU
		{9314C1DC-84B9-499C-AD5D-F8BEAD7E0EC3}.Release|Any CPU.Build.0 = Release|Any CPU
		{025D2893-92A1-40BF-BE53-648601C0014B}.Debug|Any CPU.ActiveCfg = Debug|Any CPU
		{025D2893-92A1-40BF-BE53-648601C0014B}.Debug|Any CPU.Build.0 = Debug|Any CPU
		{025D2893-92A1-40BF-BE53-648601C0014B}.Release|Any CPU.ActiveCfg = Release|Any CPU
		{025D2893-92A1-40BF-BE53-648601C0014B}.Release|Any CPU.Build.0 = Release|Any CPU
		{DB627E98-AAB0-478B-A9D4-AF822E2CD278}.Debug|Any CPU.ActiveCfg = Debug|Any CPU
		{DB627E98-AAB0-478B-A9D4-AF822E2CD278}.Debug|Any CPU.Build.0 = Debug|Any CPU
		{DB627E98-AAB0-478B-A9D4-AF822E2CD278}.Release|Any CPU.ActiveCfg = Release|Any CPU
		{DB627E98-AAB0-478B-A9D4-AF822E2CD278}.Release|Any CPU.Build.0 = Release|Any CPU
		{3E1A4334-C90A-40DB-99B0-B99227FAD532}.Debug|Any CPU.ActiveCfg = Debug|Any CPU
		{3E1A4334-C90A-40DB-99B0-B99227FAD532}.Debug|Any CPU.Build.0 = Debug|Any CPU
		{3E1A4334-C90A-40DB-99B0-B99227FAD532}.Release|Any CPU.ActiveCfg = Release|Any CPU
		{3E1A4334-C90A-40DB-99B0-B99227FAD532}.Release|Any CPU.Build.0 = Release|Any CPU
		{5D0BAB8E-6D31-4C54-B4B8-907AC7CEAD8E}.Debug|Any CPU.ActiveCfg = Debug|Any CPU
		{5D0BAB8E-6D31-4C54-B4B8-907AC7CEAD8E}.Debug|Any CPU.Build.0 = Debug|Any CPU
		{5D0BAB8E-6D31-4C54-B4B8-907AC7CEAD8E}.Release|Any CPU.ActiveCfg = Release|Any CPU
		{5D0BAB8E-6D31-4C54-B4B8-907AC7CEAD8E}.Release|Any CPU.Build.0 = Release|Any CPU
		{78422848-9F95-4E3A-9950-4004D047EAEA}.Debug|Any CPU.ActiveCfg = Debug|Any CPU
		{78422848-9F95-4E3A-9950-4004D047EAEA}.Debug|Any CPU.Build.0 = Debug|Any CPU
		{78422848-9F95-4E3A-9950-4004D047EAEA}.Release|Any CPU.ActiveCfg = Release|Any CPU
		{78422848-9F95-4E3A-9950-4004D047EAEA}.Release|Any CPU.Build.0 = Release|Any CPU
		{C1709D25-1D85-42FE-A003-DDA3549DC6A2}.Debug|Any CPU.ActiveCfg = Debug|Any CPU
		{C1709D25-1D85-42FE-A003-DDA3549DC6A2}.Debug|Any CPU.Build.0 = Debug|Any CPU
		{C1709D25-1D85-42FE-A003-DDA3549DC6A2}.Release|Any CPU.ActiveCfg = Release|Any CPU
		{C1709D25-1D85-42FE-A003-DDA3549DC6A2}.Release|Any CPU.Build.0 = Release|Any CPU
		{E1B4A25B-B638-41FE-86BB-D819830BB69A}.Debug|Any CPU.ActiveCfg = Debug|Any CPU
		{E1B4A25B-B638-41FE-86BB-D819830BB69A}.Debug|Any CPU.Build.0 = Debug|Any CPU
		{E1B4A25B-B638-41FE-86BB-D819830BB69A}.Release|Any CPU.ActiveCfg = Release|Any CPU
		{E1B4A25B-B638-41FE-86BB-D819830BB69A}.Release|Any CPU.Build.0 = Release|Any CPU
		{AC4CC900-CC10-49FD-9B4B-D084AC15AFC0}.Debug|Any CPU.ActiveCfg = Debug|Any CPU
		{AC4CC900-CC10-49FD-9B4B-D084AC15AFC0}.Debug|Any CPU.Build.0 = Debug|Any CPU
		{AC4CC900-CC10-49FD-9B4B-D084AC15AFC0}.Release|Any CPU.ActiveCfg = Release|Any CPU
		{AC4CC900-CC10-49FD-9B4B-D084AC15AFC0}.Release|Any CPU.Build.0 = Release|Any CPU
		{8DC2DC90-E4B4-4450-A013-4460051CFEA8}.Debug|Any CPU.ActiveCfg = Debug|Any CPU
		{8DC2DC90-E4B4-4450-A013-4460051CFEA8}.Debug|Any CPU.Build.0 = Debug|Any CPU
		{8DC2DC90-E4B4-4450-A013-4460051CFEA8}.Release|Any CPU.ActiveCfg = Release|Any CPU
		{8DC2DC90-E4B4-4450-A013-4460051CFEA8}.Release|Any CPU.Build.0 = Release|Any CPU
		{5B67829D-EAD1-415D-9830-53429B1E0FFC}.Debug|Any CPU.ActiveCfg = Debug|Any CPU
		{5B67829D-EAD1-415D-9830-53429B1E0FFC}.Debug|Any CPU.Build.0 = Debug|Any CPU
		{5B67829D-EAD1-415D-9830-53429B1E0FFC}.Release|Any CPU.ActiveCfg = Release|Any CPU
		{5B67829D-EAD1-415D-9830-53429B1E0FFC}.Release|Any CPU.Build.0 = Release|Any CPU
		{4D4E04E4-60EB-4365-A5F0-9828CEF4B7B8}.Debug|Any CPU.ActiveCfg = Debug|Any CPU
		{4D4E04E4-60EB-4365-A5F0-9828CEF4B7B8}.Debug|Any CPU.Build.0 = Debug|Any CPU
		{4D4E04E4-60EB-4365-A5F0-9828CEF4B7B8}.Release|Any CPU.ActiveCfg = Release|Any CPU
		{4D4E04E4-60EB-4365-A5F0-9828CEF4B7B8}.Release|Any CPU.Build.0 = Release|Any CPU
		{A00FE62E-39B0-4B71-A0EA-52316A97AF36}.Debug|Any CPU.ActiveCfg = Debug|Any CPU
		{A00FE62E-39B0-4B71-A0EA-52316A97AF36}.Debug|Any CPU.Build.0 = Debug|Any CPU
		{A00FE62E-39B0-4B71-A0EA-52316A97AF36}.Release|Any CPU.ActiveCfg = Release|Any CPU
		{A00FE62E-39B0-4B71-A0EA-52316A97AF36}.Release|Any CPU.Build.0 = Release|Any CPU
		{6CA1C25F-211E-469D-B083-EE696D0DD7D6}.Debug|Any CPU.ActiveCfg = Debug|Any CPU
		{6CA1C25F-211E-469D-B083-EE696D0DD7D6}.Debug|Any CPU.Build.0 = Debug|Any CPU
		{6CA1C25F-211E-469D-B083-EE696D0DD7D6}.Release|Any CPU.ActiveCfg = Release|Any CPU
		{6CA1C25F-211E-469D-B083-EE696D0DD7D6}.Release|Any CPU.Build.0 = Release|Any CPU
	EndGlobalSection
	GlobalSection(SolutionProperties) = preSolution
		HideSolutionNode = FALSE
	EndGlobalSection
	GlobalSection(NestedProjects) = preSolution
		{4F939CE4-2A31-445D-ACEC-D2288F810C91} = {88B4F302-3C1E-419D-B934-4AAE21B548E5}
		{A4834735-15D1-4334-9CE0-14576BC6E29A} = {88B4F302-3C1E-419D-B934-4AAE21B548E5}
		{C3541685-274F-4CF6-9E43-7C71A615C80A} = {88B4F302-3C1E-419D-B934-4AAE21B548E5}
		{3E1A4334-C90A-40DB-99B0-B99227FAD532} = {88B4F302-3C1E-419D-B934-4AAE21B548E5}
		{5D0BAB8E-6D31-4C54-B4B8-907AC7CEAD8E} = {88B4F302-3C1E-419D-B934-4AAE21B548E5}
		{78422848-9F95-4E3A-9950-4004D047EAEA} = {9183680E-6DB6-4E34-BF2E-7A75CC775D22}
		{C1709D25-1D85-42FE-A003-DDA3549DC6A2} = {9183680E-6DB6-4E34-BF2E-7A75CC775D22}
		{AC4CC900-CC10-49FD-9B4B-D084AC15AFC0} = {9183680E-6DB6-4E34-BF2E-7A75CC775D22}
		{8DC2DC90-E4B4-4450-A013-4460051CFEA8} = {93FF2EA5-C6F6-47DB-B06B-3E4553BE5B83}
		{5B67829D-EAD1-415D-9830-53429B1E0FFC} = {93FF2EA5-C6F6-47DB-B06B-3E4553BE5B83}
		{4D4E04E4-60EB-4365-A5F0-9828CEF4B7B8} = {93FF2EA5-C6F6-47DB-B06B-3E4553BE5B83}
		{A00FE62E-39B0-4B71-A0EA-52316A97AF36} = {93FF2EA5-C6F6-47DB-B06B-3E4553BE5B83}
		{6CA1C25F-211E-469D-B083-EE696D0DD7D6} = {9183680E-6DB6-4E34-BF2E-7A75CC775D22}
	EndGlobalSection
	GlobalSection(ExtensibilityGlobals) = postSolution
		SolutionGuid = {D5F8103D-E1F9-4EA4-B5C2-CDCF0A929722}
	EndGlobalSection
EndGlobal
